
Microsoft Visual Studio Solution File, Format Version 12.00
# Visual Studio 2013
VisualStudioVersion = 12.0.31101.0
MinimumVisualStudioVersion = 10.0.40219.1
Project("{2150E333-8FDC-42A3-9474-1A3956D46DE8}") = ".nuget", ".nuget", "{02BE9D62-D9C5-4DB0-BFF4-200C89DCA93C}"
	ProjectSection(SolutionItems) = preProject
		.nuget\NuGet.Config = .nuget\NuGet.Config
		.nuget\NuGet.exe = .nuget\NuGet.exe
		.nuget\NuGet.targets = .nuget\NuGet.targets
	EndProjectSection
EndProject
Project("{FAE04EC0-301F-11D3-BF4B-00C04F79EFBC}") = "AngularDemo.Classes", "AngularDemo.Classes\AngularDemo.Classes.csproj", "{67352843-A619-4653-98E1-E87C4B51E8C8}"
EndProject
Project("{FAE04EC0-301F-11D3-BF4B-00C04F79EFBC}") = "AngularDemo.DAL", "AngularDemo.DAL\AngularDemo.DAL.csproj", "{62D72E6C-FCB8-4743-8FE4-DE0178B5094B}"
EndProject
Project("{FAE04EC0-301F-11D3-BF4B-00C04F79EFBC}") = "AngularDemo.Web", "AngularDemo.Web\AngularDemo.Web.csproj", "{F4410B0C-4332-4D69-BF71-DFD6FD53AAFF}"
EndProject
Global
	GlobalSection(SolutionConfigurationPlatforms) = preSolution
		Debug|Any CPU = Debug|Any CPU
		Release|Any CPU = Release|Any CPU
	EndGlobalSection
	GlobalSection(ProjectConfigurationPlatforms) = postSolution
		{67352843-A619-4653-98E1-E87C4B51E8C8}.Debug|Any CPU.ActiveCfg = Debug|Any CPU
		{67352843-A619-4653-98E1-E87C4B51E8C8}.Debug|Any CPU.Build.0 = Debug|Any CPU
		{67352843-A619-4653-98E1-E87C4B51E8C8}.Release|Any CPU.ActiveCfg = Release|Any CPU
		{67352843-A619-4653-98E1-E87C4B51E8C8}.Release|Any CPU.Build.0 = Release|Any CPU
		{62D72E6C-FCB8-4743-8FE4-DE0178B5094B}.Debug|Any CPU.ActiveCfg = Debug|Any CPU
		{62D72E6C-FCB8-4743-8FE4-DE0178B5094B}.Debug|Any CPU.Build.0 = Debug|Any CPU
		{62D72E6C-FCB8-4743-8FE4-DE0178B5094B}.Release|Any CPU.ActiveCfg = Release|Any CPU
		{62D72E6C-FCB8-4743-8FE4-DE0178B5094B}.Release|Any CPU.Build.0 = Release|Any CPU
		{F4410B0C-4332-4D69-BF71-DFD6FD53AAFF}.Debug|Any CPU.ActiveCfg = Debug|Any CPU
		{F4410B0C-4332-4D69-BF71-DFD6FD53AAFF}.Debug|Any CPU.Build.0 = Debug|Any CPU
		{F4410B0C-4332-4D69-BF71-DFD6FD53AAFF}.Release|Any CPU.ActiveCfg = Release|Any CPU
		{F4410B0C-4332-4D69-BF71-DFD6FD53AAFF}.Release|Any CPU.Build.0 = Release|Any CPU
	EndGlobalSection
	GlobalSection(SolutionProperties) = preSolution
		HideSolutionNode = FALSE
	EndGlobalSection
EndGlobal
